
Microsoft Visual Studio Solution File, Format Version 11.00
# Visual Studio 2010
Project("{FAE04EC0-301F-11D3-BF4B-00C04F79EFBC}") = "Assembly-CSharp-firstpass", "Assembly-CSharp-firstpass.csproj", "{5c369ff8-2219-20d8-0f20-39e91d76b601}"
EndProject
Project("{FAE04EC0-301F-11D3-BF4B-00C04F79EFBC}") = "Ultraleap.Tracking.Core", "Ultraleap.Tracking.Core.csproj", "{2af9a2e8-661d-80be-4f8b-c48bc7c35b6f}"
EndProject
Project("{FAE04EC0-301F-11D3-BF4B-00C04F79EFBC}") = "LeapMotion.LeapCSharp", "LeapMotion.LeapCSharp.csproj", "{f17b7e00-5298-24dd-0d25-8280d92681f0}"
EndProject
Project("{FAE04EC0-301F-11D3-BF4B-00C04F79EFBC}") = "Ultraleap.Tracking.InteractionEngine", "Ultraleap.Tracking.InteractionEngine.csproj", "{f6fa4c85-eca0-a8f7-a301-ea4ac04bb5c4}"
EndProject
Project("{FAE04EC0-301F-11D3-BF4B-00C04F79EFBC}") = "Ultraleap.Tracking.Hands", "Ultraleap.Tracking.Hands.csproj", "{abf2c025-18bc-ac2b-0954-f57348b6594e}"
EndProject
Project("{FAE04EC0-301F-11D3-BF4B-00C04F79EFBC}") = "Assembly-CSharp", "Assembly-CSharp.csproj", "{1707c96b-dffd-0ef1-79ff-87fc1e585e81}"
EndProject
Project("{FAE04EC0-301F-11D3-BF4B-00C04F79EFBC}") = "Ultraleap.Tracking.Core.Editor", "Ultraleap.Tracking.Core.Editor.csproj", "{b71de14d-6f1d-5e88-6264-7b62b075c8e3}"
EndProject
Project("{FAE04EC0-301F-11D3-BF4B-00C04F79EFBC}") = "Assembly-CSharp-Editor-firstpass", "Assembly-CSharp-Editor-firstpass.csproj", "{4541654b-e982-e99c-7e60-2c713ca872e7}"
EndProject
Project("{FAE04EC0-301F-11D3-BF4B-00C04F79EFBC}") = "Ultraleap.Tracking.InteractionEngine.Editor", "Ultraleap.Tracking.InteractionEngine.Editor.csproj", "{cecb9f94-a737-53ad-3c39-c8c6e966096e}"
EndProject
Project("{FAE04EC0-301F-11D3-BF4B-00C04F79EFBC}") = "Ultraleap.Tracking.Core.Editor.Tests", "Ultraleap.Tracking.Core.Editor.Tests.csproj", "{5345f827-5ba3-ee6f-9820-84925a215265}"
EndProject
Project("{FAE04EC0-301F-11D3-BF4B-00C04F79EFBC}") = "Ultraleap.Tracking.Hands.Editor", "Ultraleap.Tracking.Hands.Editor.csproj", "{b4a15442-29ab-49ff-ccf1-4586efd5cf72}"
EndProject
Project("{FAE04EC0-301F-11D3-BF4B-00C04F79EFBC}") = "Assembly-CSharp-Editor", "Assembly-CSharp-Editor.csproj", "{218c90d4-9f30-d878-81aa-f117e28cfe9d}"
EndProject
Global
	GlobalSection(SolutionConfigurationPlatforms) = preSolution
		Debug|Any CPU = Debug|Any CPU
	EndGlobalSection
	GlobalSection(ProjectConfigurationPlatforms) = postSolution
		{5c369ff8-2219-20d8-0f20-39e91d76b601}.Debug|Any CPU.ActiveCfg = Debug|Any CPU
		{5c369ff8-2219-20d8-0f20-39e91d76b601}.Debug|Any CPU.Build.0 = Debug|Any CPU
		{2af9a2e8-661d-80be-4f8b-c48bc7c35b6f}.Debug|Any CPU.ActiveCfg = Debug|Any CPU
		{2af9a2e8-661d-80be-4f8b-c48bc7c35b6f}.Debug|Any CPU.Build.0 = Debug|Any CPU
		{f17b7e00-5298-24dd-0d25-8280d92681f0}.Debug|Any CPU.ActiveCfg = Debug|Any CPU
		{f17b7e00-5298-24dd-0d25-8280d92681f0}.Debug|Any CPU.Build.0 = Debug|Any CPU
		{f6fa4c85-eca0-a8f7-a301-ea4ac04bb5c4}.Debug|Any CPU.ActiveCfg = Debug|Any CPU
		{f6fa4c85-eca0-a8f7-a301-ea4ac04bb5c4}.Debug|Any CPU.Build.0 = Debug|Any CPU
		{abf2c025-18bc-ac2b-0954-f57348b6594e}.Debug|Any CPU.ActiveCfg = Debug|Any CPU
		{abf2c025-18bc-ac2b-0954-f57348b6594e}.Debug|Any CPU.Build.0 = Debug|Any CPU
		{1707c96b-dffd-0ef1-79ff-87fc1e585e81}.Debug|Any CPU.ActiveCfg = Debug|Any CPU
		{1707c96b-dffd-0ef1-79ff-87fc1e585e81}.Debug|Any CPU.Build.0 = Debug|Any CPU
		{b71de14d-6f1d-5e88-6264-7b62b075c8e3}.Debug|Any CPU.ActiveCfg = Debug|Any CPU
		{b71de14d-6f1d-5e88-6264-7b62b075c8e3}.Debug|Any CPU.Build.0 = Debug|Any CPU
		{4541654b-e982-e99c-7e60-2c713ca872e7}.Debug|Any CPU.ActiveCfg = Debug|Any CPU
		{4541654b-e982-e99c-7e60-2c713ca872e7}.Debug|Any CPU.Build.0 = Debug|Any CPU
		{cecb9f94-a737-53ad-3c39-c8c6e966096e}.Debug|Any CPU.ActiveCfg = Debug|Any CPU
		{cecb9f94-a737-53ad-3c39-c8c6e966096e}.Debug|Any CPU.Build.0 = Debug|Any CPU
		{5345f827-5ba3-ee6f-9820-84925a215265}.Debug|Any CPU.ActiveCfg = Debug|Any CPU
		{5345f827-5ba3-ee6f-9820-84925a215265}.Debug|Any CPU.Build.0 = Debug|Any CPU
		{b4a15442-29ab-49ff-ccf1-4586efd5cf72}.Debug|Any CPU.ActiveCfg = Debug|Any CPU
		{b4a15442-29ab-49ff-ccf1-4586efd5cf72}.Debug|Any CPU.Build.0 = Debug|Any CPU
		{218c90d4-9f30-d878-81aa-f117e28cfe9d}.Debug|Any CPU.ActiveCfg = Debug|Any CPU
		{218c90d4-9f30-d878-81aa-f117e28cfe9d}.Debug|Any CPU.Build.0 = Debug|Any CPU
	EndGlobalSection
	GlobalSection(SolutionProperties) = preSolution
		HideSolutionNode = FALSE
	EndGlobalSection
EndGlobal
